{
  "nodes": {
    "nixpkgs": {
      "locked": {
        "lastModified": 1713828541,
        "narHash": "sha256-KtvQeE12MSkCOhvVmnmcZCjnx7t31zWin2XVSDOwBDE=",
        "rev": "b500489fd3cf653eafc075f9362423ad5cdd8676",
        "revCount": 557957,
        "type": "tarball",
        "url": "https://api.flakehub.com/f/pinned/NixOS/nixpkgs/0.2311.557957%2Brev-b500489fd3cf653eafc075f9362423ad5cdd8676/018f0fd6-81fe-7478-8e97-08ae23c447b1/source.tar.gz"
      },
      "original": {
        "type": "tarball",
        "url": "https://flakehub.com/f/NixOS/nixpkgs/%2A.tar.gz"
      }
    },
    "nixpkgs-unstable": {
      "locked": {
        "lastModified": 1714253743,
        "narHash": "sha256-mdTQw2XlariysyScCv2tTE45QSU9v/ezLcHJ22f0Nxc=",
        "owner": "nixos",
        "repo": "nixpkgs",
        "rev": "58a1abdbae3217ca6b702f03d3b35125d88a2994",
        "type": "github"
      },
      "original": {
        "owner": "nixos",
        "ref": "nixos-unstable",
        "repo": "nixpkgs",
        "type": "github"
      }
    },
    "root": {
      "inputs": {
        "nixpkgs": "nixpkgs",
        "nixpkgs-unstable": "nixpkgs-unstable"
      }
    }
  },
  "root": "root",
  "version": 7
}
