{
  "nodes": {
    "nixpkgs": {
      "locked": {
        "lastModified": 1715948915,
        "narHash": "sha256-dxMrggEogQuJQr6f02VAFtsSNtjEPkgxczeiyW7WOQc=",
        "rev": "bacb8503d3a51d9e9b52e52a1ba45e2c380ad07d",
        "revCount": 558543,
        "type": "tarball",
        "url": "https://api.flakehub.com/f/pinned/NixOS/nixpkgs/0.2311.558543%2Brev-bacb8503d3a51d9e9b52e52a1ba45e2c380ad07d/018f8bad-d070-7758-b251-924deb9039fd/source.tar.gz"
      },
      "original": {
        "type": "tarball",
        "url": "https://flakehub.com/f/NixOS/nixpkgs/%2A.tar.gz"
      }
    },
    "nixpkgs-unstable": {
      "locked": {
        "lastModified": 1715961556,
        "narHash": "sha256-+NpbZRCRisUHKQJZF3CT+xn14ZZQO+KjxIIanH3Pvn4=",
        "owner": "nixos",
        "repo": "nixpkgs",
        "rev": "4a6b83b05df1a8bd7d99095ec4b4d271f2956b64",
        "type": "github"
      },
      "original": {
        "owner": "nixos",
        "ref": "nixos-unstable",
        "repo": "nixpkgs",
        "type": "github"
      }
    },
    "root": {
      "inputs": {
        "nixpkgs": "nixpkgs",
        "nixpkgs-unstable": "nixpkgs-unstable"
      }
    }
  },
  "root": "root",
  "version": 7
}
